
Microsoft Visual Studio Solution File, Format Version 12.00
# Visual Studio 15
VisualStudioVersion = 15.0.27004.2010
MinimumVisualStudioVersion = 10.0.40219.1
Project("{FAE04EC0-301F-11D3-BF4B-00C04F79EFBC}") = "EnumStringValueTests", "EnumStringValueTests\EnumStringValueTests.csproj", "{6A5C3CB5-9925-4D8C-84A5-F368FF4C5CFB}"
EndProject
Project("{9A19103F-16F7-4668-BE54-9A1E7A4F7556}") = "EnumStringValues", "EnumStringValues\EnumStringValues.csproj", "{AC42461A-A94C-4404-A82F-1EEEA8A3AD44}"
EndProject
Project("{2150E333-8FDC-42A3-9474-1A3956D46DE8}") = "NugetPackageTests", "NugetPackageTests", "{DEE2A652-FA9A-4197-BE34-DB262257C957}"
EndProject
Project("{FAE04EC0-301F-11D3-BF4B-00C04F79EFBC}") = "NET35NugetPackageTest", "NET35NugetPackageTest\NET35NugetPackageTest.csproj", "{6A69043A-3746-4397-9F30-F4FE811444F3}"
EndProject
Project("{FAE04EC0-301F-11D3-BF4B-00C04F79EFBC}") = "NET40NugetPackageTest", "NET40NugetPackageTest\NET40NugetPackageTest.csproj", "{92878579-A0B5-4AC5-B411-5043FDA00E7F}"
EndProject
Project("{FAE04EC0-301F-11D3-BF4B-00C04F79EFBC}") = "NET451NugetPackageTest", "NET451NugetPackageTest\NET451NugetPackageTest.csproj", "{3F35D8D3-EE42-49A0-B568-B8DE6BEB8C54}"
EndProject
Project("{FAE04EC0-301F-11D3-BF4B-00C04F79EFBC}") = "NET461NugetPackageTest", "NET461NugetPackageTest\NET461NugetPackageTest.csproj", "{50252CB9-5300-4B4A-B6F1-48DC0B800AB5}"
EndProject
Project("{9A19103F-16F7-4668-BE54-9A1E7A4F7556}") = "NETStd2NugetPackageTest", "NETStd2NugetPackageTest\NETStd2NugetPackageTest.csproj", "{C4048E67-8B7D-45CF-9693-AEDDA964A873}"
EndProject
Project("{FAE04EC0-301F-11D3-BF4B-00C04F79EFBC}") = "NET20NugetPackageTest", "NET20NugetPackageTest\NET20NugetPackageTest.csproj", "{D9AC400B-3ADF-4D6D-9983-8A7B915F4F33}"
EndProject
Global
	GlobalSection(SolutionConfigurationPlatforms) = preSolution
		Debug|Any CPU = Debug|Any CPU
		Release|Any CPU = Release|Any CPU
	EndGlobalSection
	GlobalSection(ProjectConfigurationPlatforms) = postSolution
		{6A5C3CB5-9925-4D8C-84A5-F368FF4C5CFB}.Debug|Any CPU.ActiveCfg = Debug|Any CPU
		{6A5C3CB5-9925-4D8C-84A5-F368FF4C5CFB}.Debug|Any CPU.Build.0 = Debug|Any CPU
		{6A5C3CB5-9925-4D8C-84A5-F368FF4C5CFB}.Release|Any CPU.ActiveCfg = Release|Any CPU
		{6A5C3CB5-9925-4D8C-84A5-F368FF4C5CFB}.Release|Any CPU.Build.0 = Release|Any CPU
		{AC42461A-A94C-4404-A82F-1EEEA8A3AD44}.Debug|Any CPU.ActiveCfg = Debug|Any CPU
		{AC42461A-A94C-4404-A82F-1EEEA8A3AD44}.Debug|Any CPU.Build.0 = Debug|Any CPU
		{AC42461A-A94C-4404-A82F-1EEEA8A3AD44}.Release|Any CPU.ActiveCfg = Release|Any CPU
		{AC42461A-A94C-4404-A82F-1EEEA8A3AD44}.Release|Any CPU.Build.0 = Release|Any CPU
		{6A69043A-3746-4397-9F30-F4FE811444F3}.Debug|Any CPU.ActiveCfg = Debug|Any CPU
		{6A69043A-3746-4397-9F30-F4FE811444F3}.Debug|Any CPU.Build.0 = Debug|Any CPU
		{6A69043A-3746-4397-9F30-F4FE811444F3}.Release|Any CPU.ActiveCfg = Release|Any CPU
		{6A69043A-3746-4397-9F30-F4FE811444F3}.Release|Any CPU.Build.0 = Release|Any CPU
		{92878579-A0B5-4AC5-B411-5043FDA00E7F}.Debug|Any CPU.ActiveCfg = Debug|Any CPU
		{92878579-A0B5-4AC5-B411-5043FDA00E7F}.Debug|Any CPU.Build.0 = Debug|Any CPU
		{92878579-A0B5-4AC5-B411-5043FDA00E7F}.Release|Any CPU.ActiveCfg = Release|Any CPU
		{92878579-A0B5-4AC5-B411-5043FDA00E7F}.Release|Any CPU.Build.0 = Release|Any CPU
		{3F35D8D3-EE42-49A0-B568-B8DE6BEB8C54}.Debug|Any CPU.ActiveCfg = Debug|Any CPU
		{3F35D8D3-EE42-49A0-B568-B8DE6BEB8C54}.Debug|Any CPU.Build.0 = Debug|Any CPU
		{3F35D8D3-EE42-49A0-B568-B8DE6BEB8C54}.Release|Any CPU.ActiveCfg = Release|Any CPU
		{3F35D8D3-EE42-49A0-B568-B8DE6BEB8C54}.Release|Any CPU.Build.0 = Release|Any CPU
		{50252CB9-5300-4B4A-B6F1-48DC0B800AB5}.Debug|Any CPU.ActiveCfg = Debug|Any CPU
		{50252CB9-5300-4B4A-B6F1-48DC0B800AB5}.Debug|Any CPU.Build.0 = Debug|Any CPU
		{50252CB9-5300-4B4A-B6F1-48DC0B800AB5}.Release|Any CPU.ActiveCfg = Release|Any CPU
		{50252CB9-5300-4B4A-B6F1-48DC0B800AB5}.Release|Any CPU.Build.0 = Release|Any CPU
		{C4048E67-8B7D-45CF-9693-AEDDA964A873}.Debug|Any CPU.ActiveCfg = Debug|Any CPU
		{C4048E67-8B7D-45CF-9693-AEDDA964A873}.Debug|Any CPU.Build.0 = Debug|Any CPU
		{C4048E67-8B7D-45CF-9693-AEDDA964A873}.Release|Any CPU.ActiveCfg = Release|Any CPU
		{C4048E67-8B7D-45CF-9693-AEDDA964A873}.Release|Any CPU.Build.0 = Release|Any CPU
		{D9AC400B-3ADF-4D6D-9983-8A7B915F4F33}.Debug|Any CPU.ActiveCfg = Debug|Any CPU
		{D9AC400B-3ADF-4D6D-9983-8A7B915F4F33}.Debug|Any CPU.Build.0 = Debug|Any CPU
		{D9AC400B-3ADF-4D6D-9983-8A7B915F4F33}.Release|Any CPU.ActiveCfg = Release|Any CPU
		{D9AC400B-3ADF-4D6D-9983-8A7B915F4F33}.Release|Any CPU.Build.0 = Release|Any CPU
	EndGlobalSection
	GlobalSection(SolutionProperties) = preSolution
		HideSolutionNode = FALSE
	EndGlobalSection
	GlobalSection(NestedProjects) = preSolution
		{6A69043A-3746-4397-9F30-F4FE811444F3} = {DEE2A652-FA9A-4197-BE34-DB262257C957}
		{92878579-A0B5-4AC5-B411-5043FDA00E7F} = {DEE2A652-FA9A-4197-BE34-DB262257C957}
		{3F35D8D3-EE42-49A0-B568-B8DE6BEB8C54} = {DEE2A652-FA9A-4197-BE34-DB262257C957}
		{50252CB9-5300-4B4A-B6F1-48DC0B800AB5} = {DEE2A652-FA9A-4197-BE34-DB262257C957}
		{C4048E67-8B7D-45CF-9693-AEDDA964A873} = {DEE2A652-FA9A-4197-BE34-DB262257C957}
		{D9AC400B-3ADF-4D6D-9983-8A7B915F4F33} = {DEE2A652-FA9A-4197-BE34-DB262257C957}
	EndGlobalSection
	GlobalSection(ExtensibilityGlobals) = postSolution
		SolutionGuid = {C368466A-B22A-4B19-A617-1D87126F09CB}
	EndGlobalSection
EndGlobal
