
Microsoft Visual Studio Solution File, Format Version 12.00
# Visual Studio 15
VisualStudioVersion = 15.0.27004.2010
MinimumVisualStudioVersion = 10.0.40219.1
Project("{FAE04EC0-301F-11D3-BF4B-00C04F79EFBC}") = "EnumStringValueTests", "EnumStringValueTests\EnumStringValueTests.csproj", "{6A5C3CB5-9925-4D8C-84A5-F368FF4C5CFB}"
EndProject
Project("{FAE04EC0-301F-11D3-BF4B-00C04F79EFBC}") = "EnumStringValues", "EnumStringValues\EnumStringValues.csproj", "{AC42461A-A94C-4404-A82F-1EEEA8A3AD44}"
EndProject
Global
	GlobalSection(SolutionConfigurationPlatforms) = preSolution
		Debug|Any CPU = Debug|Any CPU
		Release|Any CPU = Release|Any CPU
	EndGlobalSection
	GlobalSection(ProjectConfigurationPlatforms) = postSolution
		{6A5C3CB5-9925-4D8C-84A5-F368FF4C5CFB}.Debug|Any CPU.ActiveCfg = Debug|Any CPU
		{6A5C3CB5-9925-4D8C-84A5-F368FF4C5CFB}.Debug|Any CPU.Build.0 = Debug|Any CPU
		{6A5C3CB5-9925-4D8C-84A5-F368FF4C5CFB}.Release|Any CPU.ActiveCfg = Release|Any CPU
		{6A5C3CB5-9925-4D8C-84A5-F368FF4C5CFB}.Release|Any CPU.Build.0 = Release|Any CPU
		{AC42461A-A94C-4404-A82F-1EEEA8A3AD44}.Debug|Any CPU.ActiveCfg = Debug|Any CPU
		{AC42461A-A94C-4404-A82F-1EEEA8A3AD44}.Debug|Any CPU.Build.0 = Debug|Any CPU
		{AC42461A-A94C-4404-A82F-1EEEA8A3AD44}.Release|Any CPU.ActiveCfg = Release|Any CPU
		{AC42461A-A94C-4404-A82F-1EEEA8A3AD44}.Release|Any CPU.Build.0 = Release|Any CPU
	EndGlobalSection
	GlobalSection(SolutionProperties) = preSolution
		HideSolutionNode = FALSE
	EndGlobalSection
	GlobalSection(ExtensibilityGlobals) = postSolution
		SolutionGuid = {C368466A-B22A-4B19-A617-1D87126F09CB}
	EndGlobalSection
EndGlobal
