
Microsoft Visual Studio Solution File, Format Version 12.00
# Visual Studio 15
VisualStudioVersion = 15.0.27004.2010
MinimumVisualStudioVersion = 10.0.40219.1
Project("{FAE04EC0-301F-11D3-BF4B-00C04F79EFBC}") = "EnumStringValues", "EnumStringValues\EnumStringValues.csproj", "{56FA5FB2-D017-43EC-B76A-FA5438323E31}"
EndProject
Project("{FAE04EC0-301F-11D3-BF4B-00C04F79EFBC}") = "EnumStringValueTests", "EnumStringValueTests\EnumStringValueTests.csproj", "{6A5C3CB5-9925-4D8C-84A5-F368FF4C5CFB}"
	ProjectSection(ProjectDependencies) = postProject
		{293D49AB-B3BE-4FDC-99D7-55D2CDE1E959} = {293D49AB-B3BE-4FDC-99D7-55D2CDE1E959}
		{BD3514DD-8F7C-4918-9070-E95BF817BC58} = {BD3514DD-8F7C-4918-9070-E95BF817BC58}
	EndProjectSection
EndProject
Project("{FAE04EC0-301F-11D3-BF4B-00C04F79EFBC}") = "EnumStringValues_NET35", "EnumStringValues_NET35\EnumStringValues_NET35.csproj", "{BD3514DD-8F7C-4918-9070-E95BF817BC58}"
	ProjectSection(ProjectDependencies) = postProject
		{56FA5FB2-D017-43EC-B76A-FA5438323E31} = {56FA5FB2-D017-43EC-B76A-FA5438323E31}
	EndProjectSection
EndProject
Project("{FAE04EC0-301F-11D3-BF4B-00C04F79EFBC}") = "EnumStringValues_NET40", "EnumStringValues_NET40\EnumStringValues_NET40.csproj", "{293D49AB-B3BE-4FDC-99D7-55D2CDE1E959}"
	ProjectSection(ProjectDependencies) = postProject
		{56FA5FB2-D017-43EC-B76A-FA5438323E31} = {56FA5FB2-D017-43EC-B76A-FA5438323E31}
	EndProjectSection
EndProject
Project("{FAE04EC0-301F-11D3-BF4B-00C04F79EFBC}") = "EnumStringValues_NET_STANDARD", "EnumStringValues_NET_STANDARD\EnumStringValues_NET_STANDARD.csproj", "{EB9B3169-1860-4A12-B342-677ACCFFB64F}"
EndProject
Global
	GlobalSection(SolutionConfigurationPlatforms) = preSolution
		Debug|Any CPU = Debug|Any CPU
		Release|Any CPU = Release|Any CPU
	EndGlobalSection
	GlobalSection(ProjectConfigurationPlatforms) = postSolution
		{56FA5FB2-D017-43EC-B76A-FA5438323E31}.Debug|Any CPU.ActiveCfg = Debug|Any CPU
		{56FA5FB2-D017-43EC-B76A-FA5438323E31}.Debug|Any CPU.Build.0 = Debug|Any CPU
		{56FA5FB2-D017-43EC-B76A-FA5438323E31}.Release|Any CPU.ActiveCfg = Release|Any CPU
		{56FA5FB2-D017-43EC-B76A-FA5438323E31}.Release|Any CPU.Build.0 = Release|Any CPU
		{6A5C3CB5-9925-4D8C-84A5-F368FF4C5CFB}.Debug|Any CPU.ActiveCfg = Debug|Any CPU
		{6A5C3CB5-9925-4D8C-84A5-F368FF4C5CFB}.Debug|Any CPU.Build.0 = Debug|Any CPU
		{6A5C3CB5-9925-4D8C-84A5-F368FF4C5CFB}.Release|Any CPU.ActiveCfg = Release|Any CPU
		{6A5C3CB5-9925-4D8C-84A5-F368FF4C5CFB}.Release|Any CPU.Build.0 = Release|Any CPU
		{BD3514DD-8F7C-4918-9070-E95BF817BC58}.Debug|Any CPU.ActiveCfg = Debug|Any CPU
		{BD3514DD-8F7C-4918-9070-E95BF817BC58}.Debug|Any CPU.Build.0 = Debug|Any CPU
		{BD3514DD-8F7C-4918-9070-E95BF817BC58}.Release|Any CPU.ActiveCfg = Release|Any CPU
		{BD3514DD-8F7C-4918-9070-E95BF817BC58}.Release|Any CPU.Build.0 = Release|Any CPU
		{293D49AB-B3BE-4FDC-99D7-55D2CDE1E959}.Debug|Any CPU.ActiveCfg = Debug|Any CPU
		{293D49AB-B3BE-4FDC-99D7-55D2CDE1E959}.Debug|Any CPU.Build.0 = Debug|Any CPU
		{293D49AB-B3BE-4FDC-99D7-55D2CDE1E959}.Release|Any CPU.ActiveCfg = Release|Any CPU
		{293D49AB-B3BE-4FDC-99D7-55D2CDE1E959}.Release|Any CPU.Build.0 = Release|Any CPU
		{EB9B3169-1860-4A12-B342-677ACCFFB64F}.Debug|Any CPU.ActiveCfg = Debug|Any CPU
		{EB9B3169-1860-4A12-B342-677ACCFFB64F}.Debug|Any CPU.Build.0 = Debug|Any CPU
		{EB9B3169-1860-4A12-B342-677ACCFFB64F}.Release|Any CPU.ActiveCfg = Release|Any CPU
		{EB9B3169-1860-4A12-B342-677ACCFFB64F}.Release|Any CPU.Build.0 = Release|Any CPU
	EndGlobalSection
	GlobalSection(SolutionProperties) = preSolution
		HideSolutionNode = FALSE
	EndGlobalSection
	GlobalSection(ExtensibilityGlobals) = postSolution
		SolutionGuid = {4424CA0F-830F-438D-A754-6AE69883B2B9}
	EndGlobalSection
EndGlobal
